
Microsoft Visual Studio Solution File, Format Version 12.00
# Visual Studio Version 16
VisualStudioVersion = 16.0.32106.194
MinimumVisualStudioVersion = 10.0.40219.1
Project("{FAE04EC0-301F-11D3-BF4B-00C04F79EFBC}") = "ConwaysGOL", "ConwaysGOL\ConwaysGOL.csproj", "{C7033455-AB50-4D6D-878D-BD166B1585AB}"
EndProject
Global
	GlobalSection(SolutionConfigurationPlatforms) = preSolution
		Debug|Any CPU = Debug|Any CPU
		Release|Any CPU = Release|Any CPU
	EndGlobalSection
	GlobalSection(ProjectConfigurationPlatforms) = postSolution
		{C7033455-AB50-4D6D-878D-BD166B1585AB}.Debug|Any CPU.ActiveCfg = Debug|Any CPU
		{C7033455-AB50-4D6D-878D-BD166B1585AB}.Debug|Any CPU.Build.0 = Debug|Any CPU
		{C7033455-AB50-4D6D-878D-BD166B1585AB}.Release|Any CPU.ActiveCfg = Release|Any CPU
		{C7033455-AB50-4D6D-878D-BD166B1585AB}.Release|Any CPU.Build.0 = Release|Any CPU
	EndGlobalSection
	GlobalSection(SolutionProperties) = preSolution
		HideSolutionNode = FALSE
	EndGlobalSection
	GlobalSection(ExtensibilityGlobals) = postSolution
		SolutionGuid = {092003D4-3272-41CD-9BB2-26C375E0B393}
	EndGlobalSection
EndGlobal
